
Microsoft Visual Studio Solution File, Format Version 12.00
# Visual Studio 2013
VisualStudioVersion = 12.0.21005.1
MinimumVisualStudioVersion = 10.0.40219.1
Project("{9092AA53-FB77-4645-B42D-1CCCA6BD08BD}") = "VisualStudio", "VisualStudio.njsproj", "{FB494B63-B64C-4015-A2F4-18E4BB8B5723}"
EndProject
Global
	GlobalSection(SolutionConfigurationPlatforms) = preSolution
		Debug|Any CPU = Debug|Any CPU
		Release|Any CPU = Release|Any CPU
	EndGlobalSection
	GlobalSection(ProjectConfigurationPlatforms) = postSolution
		{FB494B63-B64C-4015-A2F4-18E4BB8B5723}.Debug|Any CPU.ActiveCfg = Debug|Any CPU
		{FB494B63-B64C-4015-A2F4-18E4BB8B5723}.Debug|Any CPU.Build.0 = Debug|Any CPU
		{FB494B63-B64C-4015-A2F4-18E4BB8B5723}.Release|Any CPU.ActiveCfg = Release|Any CPU
		{FB494B63-B64C-4015-A2F4-18E4BB8B5723}.Release|Any CPU.Build.0 = Release|Any CPU
	EndGlobalSection
	GlobalSection(SolutionProperties) = preSolution
		HideSolutionNode = FALSE
	EndGlobalSection
EndGlobal
